
Microsoft Visual Studio Solution File, Format Version 12.00
# Visual Studio Version 17
VisualStudioVersion = 17.1.32407.343
MinimumVisualStudioVersion = 10.0.40219.1
Project("{9A19103F-16F7-4668-BE54-9A1E7A4F7556}") = "Exercicio01", "Exercicio01\Exercicio01.csproj", "{9984DFDA-480C-4B28-8932-DAACC337F921}"
EndProject
Project("{9A19103F-16F7-4668-BE54-9A1E7A4F7556}") = "bee1001", "bee1001\bee1001.csproj", "{E97D16BE-B42F-450B-9285-067EC8F681C7}"
EndProject
Project("{9A19103F-16F7-4668-BE54-9A1E7A4F7556}") = "bee1002", "bee1002\bee1002.csproj", "{CC6CA4E9-F72F-45CC-B4C5-8CDBF36B694F}"
EndProject
Project("{9A19103F-16F7-4668-BE54-9A1E7A4F7556}") = "bee1003", "bee1003\bee1003.csproj", "{AA76FB82-11C0-4F6F-ABDD-78BF9E777D63}"
EndProject
Project("{9A19103F-16F7-4668-BE54-9A1E7A4F7556}") = "bee1004", "bee1004\bee1004.csproj", "{F8055157-C238-4253-8011-805836EE6C82}"
EndProject
Project("{9A19103F-16F7-4668-BE54-9A1E7A4F7556}") = "bee1007", "bee1007\bee1007.csproj", "{41330093-60E6-48D3-911F-44EBB6EB4A4E}"
EndProject
Project("{9A19103F-16F7-4668-BE54-9A1E7A4F7556}") = "bee1008", "bee1008\bee1008.csproj", "{7DE2A245-1551-4BA8-ABB9-9093431FDA5B}"
EndProject
Project("{9A19103F-16F7-4668-BE54-9A1E7A4F7556}") = "bee1010", "bee1010\bee1010.csproj", "{B8F231D5-7221-4EDB-B6C2-8157F4CDAC80}"
EndProject
Project("{9A19103F-16F7-4668-BE54-9A1E7A4F7556}") = "bee1014", "bee1014\bee1014.csproj", "{07D48879-85A6-4A4F-BC7B-DB97BAFDF8F1}"
EndProject
Project("{9A19103F-16F7-4668-BE54-9A1E7A4F7556}") = "bee1016", "bee1016\bee1016.csproj", "{82313814-D8CF-4D52-B469-D386D467ACB3}"
EndProject
Project("{9A19103F-16F7-4668-BE54-9A1E7A4F7556}") = "bee1005", "bee1005\bee1005.csproj", "{921B8E07-DEA5-4DE8-8813-B34B06418E4E}"
EndProject
Project("{9A19103F-16F7-4668-BE54-9A1E7A4F7556}") = "Exercicio02", "Exercicio02\Exercicio02.csproj", "{D7D804D7-639E-4A08-88F1-21D0B6582065}"
EndProject
Project("{9A19103F-16F7-4668-BE54-9A1E7A4F7556}") = "Exercicio03", "Exercicio03\Exercicio03.csproj", "{228B5C7C-C2F1-4493-BF8E-E7E9AA4B4E18}"
EndProject
Project("{9A19103F-16F7-4668-BE54-9A1E7A4F7556}") = "bee1009", "bee1009\bee1009.csproj", "{1AE9DB1A-0AC0-482E-ADC4-0B29D135AC56}"
EndProject
Project("{9A19103F-16F7-4668-BE54-9A1E7A4F7556}") = "bee1011", "bee1011\bee1011.csproj", "{8CB957A0-EB49-40EA-B223-3F8811C81E6D}"
EndProject
Project("{9A19103F-16F7-4668-BE54-9A1E7A4F7556}") = "bee1012", "bee1012\bee1012.csproj", "{CFCE1148-7DD9-4A0B-9D7D-646528643612}"
EndProject
Project("{9A19103F-16F7-4668-BE54-9A1E7A4F7556}") = "bee1013", "bee1013\bee1013.csproj", "{230032DD-73E9-4F0F-938B-6C3DBB437ED9}"
EndProject
Project("{9A19103F-16F7-4668-BE54-9A1E7A4F7556}") = "bee1015", "bee1015\bee1015.csproj", "{5F326391-8BFB-4700-B8DC-E705D751F3EA}"
EndProject
Project("{9A19103F-16F7-4668-BE54-9A1E7A4F7556}") = "Exercicio04", "Exercicio04\Exercicio04.csproj", "{8C488A10-A8F8-4383-BB17-38BC2108D500}"
EndProject
Project("{9A19103F-16F7-4668-BE54-9A1E7A4F7556}") = "bee1018", "bee1018\bee1018.csproj", "{9995FAE5-CCDC-49D3-A597-62611B434FA2}"
EndProject
Project("{FAE04EC0-301F-11D3-BF4B-00C04F79EFBC}") = "Exercicio05", "Exercicio05\Exercicio05.csproj", "{8AB3BF33-5C82-4729-9AF0-68E8C9E1ED16}"
EndProject
Project("{FAE04EC0-301F-11D3-BF4B-00C04F79EFBC}") = "Exercicio06", "Exercicio06\Exercicio06.csproj", "{98EC5BEF-406F-4A11-9276-7BA66A91CDC7}"
EndProject
Global
	GlobalSection(SolutionConfigurationPlatforms) = preSolution
		Debug|Any CPU = Debug|Any CPU
		Release|Any CPU = Release|Any CPU
	EndGlobalSection
	GlobalSection(ProjectConfigurationPlatforms) = postSolution
		{9984DFDA-480C-4B28-8932-DAACC337F921}.Debug|Any CPU.ActiveCfg = Debug|Any CPU
		{9984DFDA-480C-4B28-8932-DAACC337F921}.Debug|Any CPU.Build.0 = Debug|Any CPU
		{9984DFDA-480C-4B28-8932-DAACC337F921}.Release|Any CPU.ActiveCfg = Release|Any CPU
		{9984DFDA-480C-4B28-8932-DAACC337F921}.Release|Any CPU.Build.0 = Release|Any CPU
		{E97D16BE-B42F-450B-9285-067EC8F681C7}.Debug|Any CPU.ActiveCfg = Debug|Any CPU
		{E97D16BE-B42F-450B-9285-067EC8F681C7}.Debug|Any CPU.Build.0 = Debug|Any CPU
		{E97D16BE-B42F-450B-9285-067EC8F681C7}.Release|Any CPU.ActiveCfg = Release|Any CPU
		{E97D16BE-B42F-450B-9285-067EC8F681C7}.Release|Any CPU.Build.0 = Release|Any CPU
		{CC6CA4E9-F72F-45CC-B4C5-8CDBF36B694F}.Debug|Any CPU.ActiveCfg = Debug|Any CPU
		{CC6CA4E9-F72F-45CC-B4C5-8CDBF36B694F}.Debug|Any CPU.Build.0 = Debug|Any CPU
		{CC6CA4E9-F72F-45CC-B4C5-8CDBF36B694F}.Release|Any CPU.ActiveCfg = Release|Any CPU
		{CC6CA4E9-F72F-45CC-B4C5-8CDBF36B694F}.Release|Any CPU.Build.0 = Release|Any CPU
		{AA76FB82-11C0-4F6F-ABDD-78BF9E777D63}.Debug|Any CPU.ActiveCfg = Debug|Any CPU
		{AA76FB82-11C0-4F6F-ABDD-78BF9E777D63}.Debug|Any CPU.Build.0 = Debug|Any CPU
		{AA76FB82-11C0-4F6F-ABDD-78BF9E777D63}.Release|Any CPU.ActiveCfg = Release|Any CPU
		{AA76FB82-11C0-4F6F-ABDD-78BF9E777D63}.Release|Any CPU.Build.0 = Release|Any CPU
		{F8055157-C238-4253-8011-805836EE6C82}.Debug|Any CPU.ActiveCfg = Debug|Any CPU
		{F8055157-C238-4253-8011-805836EE6C82}.Debug|Any CPU.Build.0 = Debug|Any CPU
		{F8055157-C238-4253-8011-805836EE6C82}.Release|Any CPU.ActiveCfg = Release|Any CPU
		{F8055157-C238-4253-8011-805836EE6C82}.Release|Any CPU.Build.0 = Release|Any CPU
		{41330093-60E6-48D3-911F-44EBB6EB4A4E}.Debug|Any CPU.ActiveCfg = Debug|Any CPU
		{41330093-60E6-48D3-911F-44EBB6EB4A4E}.Debug|Any CPU.Build.0 = Debug|Any CPU
		{41330093-60E6-48D3-911F-44EBB6EB4A4E}.Release|Any CPU.ActiveCfg = Release|Any CPU
		{41330093-60E6-48D3-911F-44EBB6EB4A4E}.Release|Any CPU.Build.0 = Release|Any CPU
		{7DE2A245-1551-4BA8-ABB9-9093431FDA5B}.Debug|Any CPU.ActiveCfg = Debug|Any CPU
		{7DE2A245-1551-4BA8-ABB9-9093431FDA5B}.Debug|Any CPU.Build.0 = Debug|Any CPU
		{7DE2A245-1551-4BA8-ABB9-9093431FDA5B}.Release|Any CPU.ActiveCfg = Release|Any CPU
		{7DE2A245-1551-4BA8-ABB9-9093431FDA5B}.Release|Any CPU.Build.0 = Release|Any CPU
		{B8F231D5-7221-4EDB-B6C2-8157F4CDAC80}.Debug|Any CPU.ActiveCfg = Debug|Any CPU
		{B8F231D5-7221-4EDB-B6C2-8157F4CDAC80}.Debug|Any CPU.Build.0 = Debug|Any CPU
		{B8F231D5-7221-4EDB-B6C2-8157F4CDAC80}.Release|Any CPU.ActiveCfg = Release|Any CPU
		{B8F231D5-7221-4EDB-B6C2-8157F4CDAC80}.Release|Any CPU.Build.0 = Release|Any CPU
		{07D48879-85A6-4A4F-BC7B-DB97BAFDF8F1}.Debug|Any CPU.ActiveCfg = Debug|Any CPU
		{07D48879-85A6-4A4F-BC7B-DB97BAFDF8F1}.Debug|Any CPU.Build.0 = Debug|Any CPU
		{07D48879-85A6-4A4F-BC7B-DB97BAFDF8F1}.Release|Any CPU.ActiveCfg = Release|Any CPU
		{07D48879-85A6-4A4F-BC7B-DB97BAFDF8F1}.Release|Any CPU.Build.0 = Release|Any CPU
		{82313814-D8CF-4D52-B469-D386D467ACB3}.Debug|Any CPU.ActiveCfg = Debug|Any CPU
		{82313814-D8CF-4D52-B469-D386D467ACB3}.Debug|Any CPU.Build.0 = Debug|Any CPU
		{82313814-D8CF-4D52-B469-D386D467ACB3}.Release|Any CPU.ActiveCfg = Release|Any CPU
		{82313814-D8CF-4D52-B469-D386D467ACB3}.Release|Any CPU.Build.0 = Release|Any CPU
		{921B8E07-DEA5-4DE8-8813-B34B06418E4E}.Debug|Any CPU.ActiveCfg = Debug|Any CPU
		{921B8E07-DEA5-4DE8-8813-B34B06418E4E}.Debug|Any CPU.Build.0 = Debug|Any CPU
		{921B8E07-DEA5-4DE8-8813-B34B06418E4E}.Release|Any CPU.ActiveCfg = Release|Any CPU
		{921B8E07-DEA5-4DE8-8813-B34B06418E4E}.Release|Any CPU.Build.0 = Release|Any CPU
		{D7D804D7-639E-4A08-88F1-21D0B6582065}.Debug|Any CPU.ActiveCfg = Debug|Any CPU
		{D7D804D7-639E-4A08-88F1-21D0B6582065}.Debug|Any CPU.Build.0 = Debug|Any CPU
		{D7D804D7-639E-4A08-88F1-21D0B6582065}.Release|Any CPU.ActiveCfg = Release|Any CPU
		{D7D804D7-639E-4A08-88F1-21D0B6582065}.Release|Any CPU.Build.0 = Release|Any CPU
		{228B5C7C-C2F1-4493-BF8E-E7E9AA4B4E18}.Debug|Any CPU.ActiveCfg = Debug|Any CPU
		{228B5C7C-C2F1-4493-BF8E-E7E9AA4B4E18}.Debug|Any CPU.Build.0 = Debug|Any CPU
		{228B5C7C-C2F1-4493-BF8E-E7E9AA4B4E18}.Release|Any CPU.ActiveCfg = Release|Any CPU
		{228B5C7C-C2F1-4493-BF8E-E7E9AA4B4E18}.Release|Any CPU.Build.0 = Release|Any CPU
		{1AE9DB1A-0AC0-482E-ADC4-0B29D135AC56}.Debug|Any CPU.ActiveCfg = Debug|Any CPU
		{1AE9DB1A-0AC0-482E-ADC4-0B29D135AC56}.Debug|Any CPU.Build.0 = Debug|Any CPU
		{1AE9DB1A-0AC0-482E-ADC4-0B29D135AC56}.Release|Any CPU.ActiveCfg = Release|Any CPU
		{1AE9DB1A-0AC0-482E-ADC4-0B29D135AC56}.Release|Any CPU.Build.0 = Release|Any CPU
		{8CB957A0-EB49-40EA-B223-3F8811C81E6D}.Debug|Any CPU.ActiveCfg = Debug|Any CPU
		{8CB957A0-EB49-40EA-B223-3F8811C81E6D}.Debug|Any CPU.Build.0 = Debug|Any CPU
		{8CB957A0-EB49-40EA-B223-3F8811C81E6D}.Release|Any CPU.ActiveCfg = Release|Any CPU
		{8CB957A0-EB49-40EA-B223-3F8811C81E6D}.Release|Any CPU.Build.0 = Release|Any CPU
		{CFCE1148-7DD9-4A0B-9D7D-646528643612}.Debug|Any CPU.ActiveCfg = Debug|Any CPU
		{CFCE1148-7DD9-4A0B-9D7D-646528643612}.Debug|Any CPU.Build.0 = Debug|Any CPU
		{CFCE1148-7DD9-4A0B-9D7D-646528643612}.Release|Any CPU.ActiveCfg = Release|Any CPU
		{CFCE1148-7DD9-4A0B-9D7D-646528643612}.Release|Any CPU.Build.0 = Release|Any CPU
		{230032DD-73E9-4F0F-938B-6C3DBB437ED9}.Debug|Any CPU.ActiveCfg = Debug|Any CPU
		{230032DD-73E9-4F0F-938B-6C3DBB437ED9}.Debug|Any CPU.Build.0 = Debug|Any CPU
		{230032DD-73E9-4F0F-938B-6C3DBB437ED9}.Release|Any CPU.ActiveCfg = Release|Any CPU
		{230032DD-73E9-4F0F-938B-6C3DBB437ED9}.Release|Any CPU.Build.0 = Release|Any CPU
		{5F326391-8BFB-4700-B8DC-E705D751F3EA}.Debug|Any CPU.ActiveCfg = Debug|Any CPU
		{5F326391-8BFB-4700-B8DC-E705D751F3EA}.Debug|Any CPU.Build.0 = Debug|Any CPU
		{5F326391-8BFB-4700-B8DC-E705D751F3EA}.Release|Any CPU.ActiveCfg = Release|Any CPU
		{5F326391-8BFB-4700-B8DC-E705D751F3EA}.Release|Any CPU.Build.0 = Release|Any CPU
		{8C488A10-A8F8-4383-BB17-38BC2108D500}.Debug|Any CPU.ActiveCfg = Debug|Any CPU
		{8C488A10-A8F8-4383-BB17-38BC2108D500}.Debug|Any CPU.Build.0 = Debug|Any CPU
		{8C488A10-A8F8-4383-BB17-38BC2108D500}.Release|Any CPU.ActiveCfg = Release|Any CPU
		{8C488A10-A8F8-4383-BB17-38BC2108D500}.Release|Any CPU.Build.0 = Release|Any CPU
		{9995FAE5-CCDC-49D3-A597-62611B434FA2}.Debug|Any CPU.ActiveCfg = Debug|Any CPU
		{9995FAE5-CCDC-49D3-A597-62611B434FA2}.Debug|Any CPU.Build.0 = Debug|Any CPU
		{9995FAE5-CCDC-49D3-A597-62611B434FA2}.Release|Any CPU.ActiveCfg = Release|Any CPU
		{9995FAE5-CCDC-49D3-A597-62611B434FA2}.Release|Any CPU.Build.0 = Release|Any CPU
		{8AB3BF33-5C82-4729-9AF0-68E8C9E1ED16}.Debug|Any CPU.ActiveCfg = Debug|Any CPU
		{8AB3BF33-5C82-4729-9AF0-68E8C9E1ED16}.Debug|Any CPU.Build.0 = Debug|Any CPU
		{8AB3BF33-5C82-4729-9AF0-68E8C9E1ED16}.Release|Any CPU.ActiveCfg = Release|Any CPU
		{8AB3BF33-5C82-4729-9AF0-68E8C9E1ED16}.Release|Any CPU.Build.0 = Release|Any CPU
		{98EC5BEF-406F-4A11-9276-7BA66A91CDC7}.Debug|Any CPU.ActiveCfg = Debug|Any CPU
		{98EC5BEF-406F-4A11-9276-7BA66A91CDC7}.Debug|Any CPU.Build.0 = Debug|Any CPU
		{98EC5BEF-406F-4A11-9276-7BA66A91CDC7}.Release|Any CPU.ActiveCfg = Release|Any CPU
		{98EC5BEF-406F-4A11-9276-7BA66A91CDC7}.Release|Any CPU.Build.0 = Release|Any CPU
	EndGlobalSection
	GlobalSection(SolutionProperties) = preSolution
		HideSolutionNode = FALSE
	EndGlobalSection
	GlobalSection(ExtensibilityGlobals) = postSolution
		SolutionGuid = {B8AEA618-7117-48AB-9ED4-B6A633F51A55}
	EndGlobalSection
EndGlobal
