
Microsoft Visual Studio Solution File, Format Version 12.00
# Visual Studio Version 17
VisualStudioVersion = 17.1.32407.343
MinimumVisualStudioVersion = 10.0.40219.1
Project("{9A19103F-16F7-4668-BE54-9A1E7A4F7556}") = "Exercicio01", "Exercicio01\Exercicio01.csproj", "{9984DFDA-480C-4B28-8932-DAACC337F921}"
EndProject
Project("{9A19103F-16F7-4668-BE54-9A1E7A4F7556}") = "bee1001", "bee1001\bee1001.csproj", "{E97D16BE-B42F-450B-9285-067EC8F681C7}"
EndProject
Project("{9A19103F-16F7-4668-BE54-9A1E7A4F7556}") = "bee1002", "bee1002\bee1002.csproj", "{CC6CA4E9-F72F-45CC-B4C5-8CDBF36B694F}"
EndProject
Project("{9A19103F-16F7-4668-BE54-9A1E7A4F7556}") = "bee1003", "bee1003\bee1003.csproj", "{AA76FB82-11C0-4F6F-ABDD-78BF9E777D63}"
EndProject
Project("{9A19103F-16F7-4668-BE54-9A1E7A4F7556}") = "bee1004", "bee1004\bee1004.csproj", "{F8055157-C238-4253-8011-805836EE6C82}"
EndProject
Project("{9A19103F-16F7-4668-BE54-9A1E7A4F7556}") = "bee1007", "bee1007\bee1007.csproj", "{41330093-60E6-48D3-911F-44EBB6EB4A4E}"
EndProject
Project("{9A19103F-16F7-4668-BE54-9A1E7A4F7556}") = "bee1008", "bee1008\bee1008.csproj", "{7DE2A245-1551-4BA8-ABB9-9093431FDA5B}"
EndProject
Project("{9A19103F-16F7-4668-BE54-9A1E7A4F7556}") = "bee1010", "bee1010\bee1010.csproj", "{B8F231D5-7221-4EDB-B6C2-8157F4CDAC80}"
EndProject
Project("{9A19103F-16F7-4668-BE54-9A1E7A4F7556}") = "bee1014", "bee1014\bee1014.csproj", "{07D48879-85A6-4A4F-BC7B-DB97BAFDF8F1}"
EndProject
Project("{9A19103F-16F7-4668-BE54-9A1E7A4F7556}") = "bee1016", "bee1016\bee1016.csproj", "{82313814-D8CF-4D52-B469-D386D467ACB3}"
EndProject
Project("{9A19103F-16F7-4668-BE54-9A1E7A4F7556}") = "bee1005", "bee1005\bee1005.csproj", "{921B8E07-DEA5-4DE8-8813-B34B06418E4E}"
EndProject
Project("{9A19103F-16F7-4668-BE54-9A1E7A4F7556}") = "Exercicio02", "Exercicio02\Exercicio02.csproj", "{D7D804D7-639E-4A08-88F1-21D0B6582065}"
EndProject
Project("{9A19103F-16F7-4668-BE54-9A1E7A4F7556}") = "Exercicio03", "Exercicio03\Exercicio03.csproj", "{228B5C7C-C2F1-4493-BF8E-E7E9AA4B4E18}"
EndProject
Project("{9A19103F-16F7-4668-BE54-9A1E7A4F7556}") = "bee1009", "bee1009\bee1009.csproj", "{1AE9DB1A-0AC0-482E-ADC4-0B29D135AC56}"
EndProject
Project("{9A19103F-16F7-4668-BE54-9A1E7A4F7556}") = "bee1011", "bee1011\bee1011.csproj", "{8CB957A0-EB49-40EA-B223-3F8811C81E6D}"
EndProject
Project("{9A19103F-16F7-4668-BE54-9A1E7A4F7556}") = "bee1012", "bee1012\bee1012.csproj", "{CFCE1148-7DD9-4A0B-9D7D-646528643612}"
EndProject
Project("{9A19103F-16F7-4668-BE54-9A1E7A4F7556}") = "bee1013", "bee1013\bee1013.csproj", "{230032DD-73E9-4F0F-938B-6C3DBB437ED9}"
EndProject
Project("{9A19103F-16F7-4668-BE54-9A1E7A4F7556}") = "bee1015", "bee1015\bee1015.csproj", "{5F326391-8BFB-4700-B8DC-E705D751F3EA}"
EndProject
Project("{9A19103F-16F7-4668-BE54-9A1E7A4F7556}") = "Exercicio04", "Exercicio04\Exercicio04.csproj", "{8C488A10-A8F8-4383-BB17-38BC2108D500}"
EndProject
Project("{9A19103F-16F7-4668-BE54-9A1E7A4F7556}") = "bee1018", "bee1018\bee1018.csproj", "{9995FAE5-CCDC-49D3-A597-62611B434FA2}"
EndProject
Project("{9A19103F-16F7-4668-BE54-9A1E7A4F7556}") = "Exercicio05", "Exercicio05\Exercicio05.csproj", "{8AB3BF33-5C82-4729-9AF0-68E8C9E1ED16}"
EndProject
Project("{9A19103F-16F7-4668-BE54-9A1E7A4F7556}") = "Exercicio06", "Exercicio06\Exercicio06.csproj", "{98EC5BEF-406F-4A11-9276-7BA66A91CDC7}"
EndProject
Project("{9A19103F-16F7-4668-BE54-9A1E7A4F7556}") = "Exercicio07", "Exercicio07\Exercicio07.csproj", "{28C7E48C-87DF-42B8-89D5-78E5AA3C1E8E}"
EndProject
Project("{9A19103F-16F7-4668-BE54-9A1E7A4F7556}") = "Exercicio08", "Exercicio08\Exercicio08.csproj", "{97AC63E7-D92E-407D-BF55-067B6D4979A5}"
EndProject
Project("{9A19103F-16F7-4668-BE54-9A1E7A4F7556}") = "MeDesafiando01", "MeDesafiando01\MeDesafiando01.csproj", "{C714C54D-D340-42BC-80AD-270CFE6A7161}"
EndProject
Project("{9A19103F-16F7-4668-BE54-9A1E7A4F7556}") = "bee1035", "bee1035\bee1035.csproj", "{13724B63-C599-4287-938F-BC4A178ACE5A}"
EndProject
Project("{9A19103F-16F7-4668-BE54-9A1E7A4F7556}") = "Lanche", "Lanche\Lanche.csproj", "{33635089-43D9-44ED-BD69-EB07F5D29662}"
EndProject
Project("{9A19103F-16F7-4668-BE54-9A1E7A4F7556}") = "bee1044", "bee1044\bee1044.csproj", "{4588F9AE-E4F9-47E8-A224-A72B2411E2B8}"
EndProject
Project("{9A19103F-16F7-4668-BE54-9A1E7A4F7556}") = "bee1046", "bee1046\bee1046.csproj", "{64E84B65-C8A8-45AD-B401-B8443B70B022}"
EndProject
Project("{9A19103F-16F7-4668-BE54-9A1E7A4F7556}") = "bee1048", "bee1048\bee1048.csproj", "{3841B521-D4EB-48C8-B871-1628AC34558F}"
EndProject
Project("{9A19103F-16F7-4668-BE54-9A1E7A4F7556}") = "bee1049", "bee1049\bee1049.csproj", "{99D71986-0438-4D5F-B01F-DDF4FD439568}"
EndProject
Project("{9A19103F-16F7-4668-BE54-9A1E7A4F7556}") = "bee1045", "bee1045\bee1045.csproj", "{267874D8-719A-4E73-BBF2-89F9F543FDEB}"
EndProject
Project("{9A19103F-16F7-4668-BE54-9A1E7A4F7556}") = "Medesafiando02", "Medesafiando02\Medesafiando02.csproj", "{1207F5BA-FA30-4A19-B1E3-FADB29E272F6}"
EndProject
Project("{9A19103F-16F7-4668-BE54-9A1E7A4F7556}") = "Medesafiando03", "Medesafiando03\Medesafiando03.csproj", "{20CC7BD4-BB46-4794-B097-A6C9BB465F6F}"
EndProject
Project("{9A19103F-16F7-4668-BE54-9A1E7A4F7556}") = "bee1042", "bee1042\bee1042.csproj", "{61C25B9A-A1AA-4993-A5CF-842711FA6F51}"
EndProject
Project("{9A19103F-16F7-4668-BE54-9A1E7A4F7556}") = "bee1050", "bee1050\bee1050.csproj", "{D81C504B-CC8F-48B2-8C25-2A3A7C991846}"
EndProject
Project("{9A19103F-16F7-4668-BE54-9A1E7A4F7556}") = "bee1052", "bee1052\bee1052.csproj", "{CB3B40C4-1A16-44A5-AD76-F7480CCF6171}"
EndProject
Project("{9A19103F-16F7-4668-BE54-9A1E7A4F7556}") = "bee1060", "bee1060\bee1060.csproj", "{536386D3-D379-4953-BBC7-66973C20F06D}"
EndProject
Project("{9A19103F-16F7-4668-BE54-9A1E7A4F7556}") = "bee1040", "bee1040\bee1040.csproj", "{6719A895-3377-4B97-886C-014BD5F1589D}"
EndProject
Project("{9A19103F-16F7-4668-BE54-9A1E7A4F7556}") = "bee1041", "bee1041\bee1041.csproj", "{40617DD1-5409-4125-A85C-DB8DF40784B3}"
EndProject
Project("{9A19103F-16F7-4668-BE54-9A1E7A4F7556}") = "bee1047", "bee1047\bee1047.csproj", "{A6DC2C19-F0E1-45AD-927D-865D7FD51CC1}"
EndProject
Project("{9A19103F-16F7-4668-BE54-9A1E7A4F7556}") = "bee1051", "bee1051\bee1051.csproj", "{FA16A2BA-EC1E-4856-9895-7033ADAD08A6}"
EndProject
Project("{9A19103F-16F7-4668-BE54-9A1E7A4F7556}") = "Switchcase01", "Switchcase01\Switchcase01.csproj", "{D50A90C9-6508-431F-A335-226A3AC36103}"
EndProject
Project("{9A19103F-16F7-4668-BE54-9A1E7A4F7556}") = "bee1037", "bee1037\bee1037.csproj", "{05F2DCEB-D8DE-4AFA-9A19-9433F86C8576}"
EndProject
Project("{9A19103F-16F7-4668-BE54-9A1E7A4F7556}") = "While", "While\While.csproj", "{991C1DAD-9DF7-4E96-A51C-AB8310D31B7F}"
EndProject
Project("{9A19103F-16F7-4668-BE54-9A1E7A4F7556}") = "While02", "While02\While02.csproj", "{4DF37EFF-F603-4CF0-86B4-660DDF93E9C3}"
EndProject
Project("{9A19103F-16F7-4668-BE54-9A1E7A4F7556}") = "bee1113", "bee1113\bee1113.csproj", "{6CD52BD7-0C3E-4237-A2A9-DE236BD5D8E1}"
EndProject
Project("{9A19103F-16F7-4668-BE54-9A1E7A4F7556}") = "Exercicio09", "Exercicio09\Exercicio09.csproj", "{6E35F0AB-5886-44B2-B452-CDE3A6285895}"
EndProject
Project("{9A19103F-16F7-4668-BE54-9A1E7A4F7556}") = "bee1114", "bee1114\bee1114.csproj", "{2131A178-1D22-4473-A7CD-41AFE2FF3AD1}"
EndProject
Project("{9A19103F-16F7-4668-BE54-9A1E7A4F7556}") = "bee1115", "bee1115\bee1115.csproj", "{F987C37B-0658-49F6-B619-60D25D3961BD}"
EndProject
Project("{9A19103F-16F7-4668-BE54-9A1E7A4F7556}") = "bee1117", "bee1117\bee1117.csproj", "{FD307F8B-CB3F-4A33-90BC-5548998A49BF}"
EndProject
Project("{9A19103F-16F7-4668-BE54-9A1E7A4F7556}") = "bee1134", "bee1134\bee1134.csproj", "{59910E55-43CA-4487-9C93-C045B3E64AB5}"
EndProject
Project("{9A19103F-16F7-4668-BE54-9A1E7A4F7556}") = "bee1154", "bee1154\bee1154.csproj", "{09E6909E-3319-408A-B772-BFF3A9528857}"
EndProject
Project("{9A19103F-16F7-4668-BE54-9A1E7A4F7556}") = "bee1118", "bee1118\bee1118.csproj", "{43DC4DEE-F84F-4723-997D-56C762769841}"
EndProject
Project("{9A19103F-16F7-4668-BE54-9A1E7A4F7556}") = "bee1131", "bee1131\bee1131.csproj", "{7FFFF046-0201-408A-A35D-6F854D2320B9}"
EndProject
Project("{9A19103F-16F7-4668-BE54-9A1E7A4F7556}") = "For", "ForEach\For.csproj", "{B29F8410-93A7-4C93-A52E-CF626BFD9782}"
EndProject
Project("{9A19103F-16F7-4668-BE54-9A1E7A4F7556}") = "For02", "For02\For02.csproj", "{C772A9C5-2530-4CBA-9EC8-740373D98475}"
EndProject
Project("{9A19103F-16F7-4668-BE54-9A1E7A4F7556}") = "ForCaderno01", "ForCaderno01\ForCaderno01.csproj", "{F6FA9B92-95F0-4523-BC9D-AC5B36F1FE2D}"
EndProject
Project("{9A19103F-16F7-4668-BE54-9A1E7A4F7556}") = "ForCaderno02", "ForCaderno02\ForCaderno02.csproj", "{5547E756-6DCB-42E8-851E-409180F2D9FC}"
EndProject
Project("{9A19103F-16F7-4668-BE54-9A1E7A4F7556}") = "ForCaderno03", "ForCaderno03\ForCaderno03.csproj", "{CD8B2604-B03B-4177-8A64-EF4638B0C9BC}"
EndProject
Project("{9A19103F-16F7-4668-BE54-9A1E7A4F7556}") = "Exercicio10", "Exercicio10\Exercicio10.csproj", "{54DE642D-D329-42AE-B067-F7BE6F8388FB}"
EndProject
Project("{9A19103F-16F7-4668-BE54-9A1E7A4F7556}") = "Exercicio11", "Exercicio11\Exercicio11.csproj", "{9793DA53-1471-4742-B90A-8D58538A2480}"
EndProject
Project("{9A19103F-16F7-4668-BE54-9A1E7A4F7556}") = "bee1073", "bee1073\bee1073.csproj", "{EFEE688A-EE31-4AD8-A476-317C5E682B47}"
EndProject
Project("{FAE04EC0-301F-11D3-BF4B-00C04F79EFBC}") = "bee1067", "bee1067\bee1067.csproj", "{DD423A38-C247-41E9-A61E-144202D224F8}"
EndProject
Project("{FAE04EC0-301F-11D3-BF4B-00C04F79EFBC}") = "bee1072", "bee1072\bee1072.csproj", "{60116163-ACE7-4C92-9F81-8395061C86F5}"
EndProject
Global
	GlobalSection(SolutionConfigurationPlatforms) = preSolution
		Debug|Any CPU = Debug|Any CPU
		Release|Any CPU = Release|Any CPU
	EndGlobalSection
	GlobalSection(ProjectConfigurationPlatforms) = postSolution
		{9984DFDA-480C-4B28-8932-DAACC337F921}.Debug|Any CPU.ActiveCfg = Debug|Any CPU
		{9984DFDA-480C-4B28-8932-DAACC337F921}.Debug|Any CPU.Build.0 = Debug|Any CPU
		{9984DFDA-480C-4B28-8932-DAACC337F921}.Release|Any CPU.ActiveCfg = Release|Any CPU
		{9984DFDA-480C-4B28-8932-DAACC337F921}.Release|Any CPU.Build.0 = Release|Any CPU
		{E97D16BE-B42F-450B-9285-067EC8F681C7}.Debug|Any CPU.ActiveCfg = Debug|Any CPU
		{E97D16BE-B42F-450B-9285-067EC8F681C7}.Debug|Any CPU.Build.0 = Debug|Any CPU
		{E97D16BE-B42F-450B-9285-067EC8F681C7}.Release|Any CPU.ActiveCfg = Release|Any CPU
		{E97D16BE-B42F-450B-9285-067EC8F681C7}.Release|Any CPU.Build.0 = Release|Any CPU
		{CC6CA4E9-F72F-45CC-B4C5-8CDBF36B694F}.Debug|Any CPU.ActiveCfg = Debug|Any CPU
		{CC6CA4E9-F72F-45CC-B4C5-8CDBF36B694F}.Debug|Any CPU.Build.0 = Debug|Any CPU
		{CC6CA4E9-F72F-45CC-B4C5-8CDBF36B694F}.Release|Any CPU.ActiveCfg = Release|Any CPU
		{CC6CA4E9-F72F-45CC-B4C5-8CDBF36B694F}.Release|Any CPU.Build.0 = Release|Any CPU
		{AA76FB82-11C0-4F6F-ABDD-78BF9E777D63}.Debug|Any CPU.ActiveCfg = Debug|Any CPU
		{AA76FB82-11C0-4F6F-ABDD-78BF9E777D63}.Debug|Any CPU.Build.0 = Debug|Any CPU
		{AA76FB82-11C0-4F6F-ABDD-78BF9E777D63}.Release|Any CPU.ActiveCfg = Release|Any CPU
		{AA76FB82-11C0-4F6F-ABDD-78BF9E777D63}.Release|Any CPU.Build.0 = Release|Any CPU
		{F8055157-C238-4253-8011-805836EE6C82}.Debug|Any CPU.ActiveCfg = Debug|Any CPU
		{F8055157-C238-4253-8011-805836EE6C82}.Debug|Any CPU.Build.0 = Debug|Any CPU
		{F8055157-C238-4253-8011-805836EE6C82}.Release|Any CPU.ActiveCfg = Release|Any CPU
		{F8055157-C238-4253-8011-805836EE6C82}.Release|Any CPU.Build.0 = Release|Any CPU
		{41330093-60E6-48D3-911F-44EBB6EB4A4E}.Debug|Any CPU.ActiveCfg = Debug|Any CPU
		{41330093-60E6-48D3-911F-44EBB6EB4A4E}.Debug|Any CPU.Build.0 = Debug|Any CPU
		{41330093-60E6-48D3-911F-44EBB6EB4A4E}.Release|Any CPU.ActiveCfg = Release|Any CPU
		{41330093-60E6-48D3-911F-44EBB6EB4A4E}.Release|Any CPU.Build.0 = Release|Any CPU
		{7DE2A245-1551-4BA8-ABB9-9093431FDA5B}.Debug|Any CPU.ActiveCfg = Debug|Any CPU
		{7DE2A245-1551-4BA8-ABB9-9093431FDA5B}.Debug|Any CPU.Build.0 = Debug|Any CPU
		{7DE2A245-1551-4BA8-ABB9-9093431FDA5B}.Release|Any CPU.ActiveCfg = Release|Any CPU
		{7DE2A245-1551-4BA8-ABB9-9093431FDA5B}.Release|Any CPU.Build.0 = Release|Any CPU
		{B8F231D5-7221-4EDB-B6C2-8157F4CDAC80}.Debug|Any CPU.ActiveCfg = Debug|Any CPU
		{B8F231D5-7221-4EDB-B6C2-8157F4CDAC80}.Debug|Any CPU.Build.0 = Debug|Any CPU
		{B8F231D5-7221-4EDB-B6C2-8157F4CDAC80}.Release|Any CPU.ActiveCfg = Release|Any CPU
		{B8F231D5-7221-4EDB-B6C2-8157F4CDAC80}.Release|Any CPU.Build.0 = Release|Any CPU
		{07D48879-85A6-4A4F-BC7B-DB97BAFDF8F1}.Debug|Any CPU.ActiveCfg = Debug|Any CPU
		{07D48879-85A6-4A4F-BC7B-DB97BAFDF8F1}.Debug|Any CPU.Build.0 = Debug|Any CPU
		{07D48879-85A6-4A4F-BC7B-DB97BAFDF8F1}.Release|Any CPU.ActiveCfg = Release|Any CPU
		{07D48879-85A6-4A4F-BC7B-DB97BAFDF8F1}.Release|Any CPU.Build.0 = Release|Any CPU
		{82313814-D8CF-4D52-B469-D386D467ACB3}.Debug|Any CPU.ActiveCfg = Debug|Any CPU
		{82313814-D8CF-4D52-B469-D386D467ACB3}.Debug|Any CPU.Build.0 = Debug|Any CPU
		{82313814-D8CF-4D52-B469-D386D467ACB3}.Release|Any CPU.ActiveCfg = Release|Any CPU
		{82313814-D8CF-4D52-B469-D386D467ACB3}.Release|Any CPU.Build.0 = Release|Any CPU
		{921B8E07-DEA5-4DE8-8813-B34B06418E4E}.Debug|Any CPU.ActiveCfg = Debug|Any CPU
		{921B8E07-DEA5-4DE8-8813-B34B06418E4E}.Debug|Any CPU.Build.0 = Debug|Any CPU
		{921B8E07-DEA5-4DE8-8813-B34B06418E4E}.Release|Any CPU.ActiveCfg = Release|Any CPU
		{921B8E07-DEA5-4DE8-8813-B34B06418E4E}.Release|Any CPU.Build.0 = Release|Any CPU
		{D7D804D7-639E-4A08-88F1-21D0B6582065}.Debug|Any CPU.ActiveCfg = Debug|Any CPU
		{D7D804D7-639E-4A08-88F1-21D0B6582065}.Debug|Any CPU.Build.0 = Debug|Any CPU
		{D7D804D7-639E-4A08-88F1-21D0B6582065}.Release|Any CPU.ActiveCfg = Release|Any CPU
		{D7D804D7-639E-4A08-88F1-21D0B6582065}.Release|Any CPU.Build.0 = Release|Any CPU
		{228B5C7C-C2F1-4493-BF8E-E7E9AA4B4E18}.Debug|Any CPU.ActiveCfg = Debug|Any CPU
		{228B5C7C-C2F1-4493-BF8E-E7E9AA4B4E18}.Debug|Any CPU.Build.0 = Debug|Any CPU
		{228B5C7C-C2F1-4493-BF8E-E7E9AA4B4E18}.Release|Any CPU.ActiveCfg = Release|Any CPU
		{228B5C7C-C2F1-4493-BF8E-E7E9AA4B4E18}.Release|Any CPU.Build.0 = Release|Any CPU
		{1AE9DB1A-0AC0-482E-ADC4-0B29D135AC56}.Debug|Any CPU.ActiveCfg = Debug|Any CPU
		{1AE9DB1A-0AC0-482E-ADC4-0B29D135AC56}.Debug|Any CPU.Build.0 = Debug|Any CPU
		{1AE9DB1A-0AC0-482E-ADC4-0B29D135AC56}.Release|Any CPU.ActiveCfg = Release|Any CPU
		{1AE9DB1A-0AC0-482E-ADC4-0B29D135AC56}.Release|Any CPU.Build.0 = Release|Any CPU
		{8CB957A0-EB49-40EA-B223-3F8811C81E6D}.Debug|Any CPU.ActiveCfg = Debug|Any CPU
		{8CB957A0-EB49-40EA-B223-3F8811C81E6D}.Debug|Any CPU.Build.0 = Debug|Any CPU
		{8CB957A0-EB49-40EA-B223-3F8811C81E6D}.Release|Any CPU.ActiveCfg = Release|Any CPU
		{8CB957A0-EB49-40EA-B223-3F8811C81E6D}.Release|Any CPU.Build.0 = Release|Any CPU
		{CFCE1148-7DD9-4A0B-9D7D-646528643612}.Debug|Any CPU.ActiveCfg = Debug|Any CPU
		{CFCE1148-7DD9-4A0B-9D7D-646528643612}.Debug|Any CPU.Build.0 = Debug|Any CPU
		{CFCE1148-7DD9-4A0B-9D7D-646528643612}.Release|Any CPU.ActiveCfg = Release|Any CPU
		{CFCE1148-7DD9-4A0B-9D7D-646528643612}.Release|Any CPU.Build.0 = Release|Any CPU
		{230032DD-73E9-4F0F-938B-6C3DBB437ED9}.Debug|Any CPU.ActiveCfg = Debug|Any CPU
		{230032DD-73E9-4F0F-938B-6C3DBB437ED9}.Debug|Any CPU.Build.0 = Debug|Any CPU
		{230032DD-73E9-4F0F-938B-6C3DBB437ED9}.Release|Any CPU.ActiveCfg = Release|Any CPU
		{230032DD-73E9-4F0F-938B-6C3DBB437ED9}.Release|Any CPU.Build.0 = Release|Any CPU
		{5F326391-8BFB-4700-B8DC-E705D751F3EA}.Debug|Any CPU.ActiveCfg = Debug|Any CPU
		{5F326391-8BFB-4700-B8DC-E705D751F3EA}.Debug|Any CPU.Build.0 = Debug|Any CPU
		{5F326391-8BFB-4700-B8DC-E705D751F3EA}.Release|Any CPU.ActiveCfg = Release|Any CPU
		{5F326391-8BFB-4700-B8DC-E705D751F3EA}.Release|Any CPU.Build.0 = Release|Any CPU
		{8C488A10-A8F8-4383-BB17-38BC2108D500}.Debug|Any CPU.ActiveCfg = Debug|Any CPU
		{8C488A10-A8F8-4383-BB17-38BC2108D500}.Debug|Any CPU.Build.0 = Debug|Any CPU
		{8C488A10-A8F8-4383-BB17-38BC2108D500}.Release|Any CPU.ActiveCfg = Release|Any CPU
		{8C488A10-A8F8-4383-BB17-38BC2108D500}.Release|Any CPU.Build.0 = Release|Any CPU
		{9995FAE5-CCDC-49D3-A597-62611B434FA2}.Debug|Any CPU.ActiveCfg = Debug|Any CPU
		{9995FAE5-CCDC-49D3-A597-62611B434FA2}.Debug|Any CPU.Build.0 = Debug|Any CPU
		{9995FAE5-CCDC-49D3-A597-62611B434FA2}.Release|Any CPU.ActiveCfg = Release|Any CPU
		{9995FAE5-CCDC-49D3-A597-62611B434FA2}.Release|Any CPU.Build.0 = Release|Any CPU
		{8AB3BF33-5C82-4729-9AF0-68E8C9E1ED16}.Debug|Any CPU.ActiveCfg = Debug|Any CPU
		{8AB3BF33-5C82-4729-9AF0-68E8C9E1ED16}.Debug|Any CPU.Build.0 = Debug|Any CPU
		{8AB3BF33-5C82-4729-9AF0-68E8C9E1ED16}.Release|Any CPU.ActiveCfg = Release|Any CPU
		{8AB3BF33-5C82-4729-9AF0-68E8C9E1ED16}.Release|Any CPU.Build.0 = Release|Any CPU
		{98EC5BEF-406F-4A11-9276-7BA66A91CDC7}.Debug|Any CPU.ActiveCfg = Debug|Any CPU
		{98EC5BEF-406F-4A11-9276-7BA66A91CDC7}.Debug|Any CPU.Build.0 = Debug|Any CPU
		{98EC5BEF-406F-4A11-9276-7BA66A91CDC7}.Release|Any CPU.ActiveCfg = Release|Any CPU
		{98EC5BEF-406F-4A11-9276-7BA66A91CDC7}.Release|Any CPU.Build.0 = Release|Any CPU
		{28C7E48C-87DF-42B8-89D5-78E5AA3C1E8E}.Debug|Any CPU.ActiveCfg = Debug|Any CPU
		{28C7E48C-87DF-42B8-89D5-78E5AA3C1E8E}.Debug|Any CPU.Build.0 = Debug|Any CPU
		{28C7E48C-87DF-42B8-89D5-78E5AA3C1E8E}.Release|Any CPU.ActiveCfg = Release|Any CPU
		{28C7E48C-87DF-42B8-89D5-78E5AA3C1E8E}.Release|Any CPU.Build.0 = Release|Any CPU
		{97AC63E7-D92E-407D-BF55-067B6D4979A5}.Debug|Any CPU.ActiveCfg = Debug|Any CPU
		{97AC63E7-D92E-407D-BF55-067B6D4979A5}.Debug|Any CPU.Build.0 = Debug|Any CPU
		{97AC63E7-D92E-407D-BF55-067B6D4979A5}.Release|Any CPU.ActiveCfg = Release|Any CPU
		{97AC63E7-D92E-407D-BF55-067B6D4979A5}.Release|Any CPU.Build.0 = Release|Any CPU
		{C714C54D-D340-42BC-80AD-270CFE6A7161}.Debug|Any CPU.ActiveCfg = Debug|Any CPU
		{C714C54D-D340-42BC-80AD-270CFE6A7161}.Debug|Any CPU.Build.0 = Debug|Any CPU
		{C714C54D-D340-42BC-80AD-270CFE6A7161}.Release|Any CPU.ActiveCfg = Release|Any CPU
		{C714C54D-D340-42BC-80AD-270CFE6A7161}.Release|Any CPU.Build.0 = Release|Any CPU
		{13724B63-C599-4287-938F-BC4A178ACE5A}.Debug|Any CPU.ActiveCfg = Debug|Any CPU
		{13724B63-C599-4287-938F-BC4A178ACE5A}.Debug|Any CPU.Build.0 = Debug|Any CPU
		{13724B63-C599-4287-938F-BC4A178ACE5A}.Release|Any CPU.ActiveCfg = Release|Any CPU
		{13724B63-C599-4287-938F-BC4A178ACE5A}.Release|Any CPU.Build.0 = Release|Any CPU
		{33635089-43D9-44ED-BD69-EB07F5D29662}.Debug|Any CPU.ActiveCfg = Debug|Any CPU
		{33635089-43D9-44ED-BD69-EB07F5D29662}.Debug|Any CPU.Build.0 = Debug|Any CPU
		{33635089-43D9-44ED-BD69-EB07F5D29662}.Release|Any CPU.ActiveCfg = Release|Any CPU
		{33635089-43D9-44ED-BD69-EB07F5D29662}.Release|Any CPU.Build.0 = Release|Any CPU
		{4588F9AE-E4F9-47E8-A224-A72B2411E2B8}.Debug|Any CPU.ActiveCfg = Debug|Any CPU
		{4588F9AE-E4F9-47E8-A224-A72B2411E2B8}.Debug|Any CPU.Build.0 = Debug|Any CPU
		{4588F9AE-E4F9-47E8-A224-A72B2411E2B8}.Release|Any CPU.ActiveCfg = Release|Any CPU
		{4588F9AE-E4F9-47E8-A224-A72B2411E2B8}.Release|Any CPU.Build.0 = Release|Any CPU
		{64E84B65-C8A8-45AD-B401-B8443B70B022}.Debug|Any CPU.ActiveCfg = Debug|Any CPU
		{64E84B65-C8A8-45AD-B401-B8443B70B022}.Debug|Any CPU.Build.0 = Debug|Any CPU
		{64E84B65-C8A8-45AD-B401-B8443B70B022}.Release|Any CPU.ActiveCfg = Release|Any CPU
		{64E84B65-C8A8-45AD-B401-B8443B70B022}.Release|Any CPU.Build.0 = Release|Any CPU
		{3841B521-D4EB-48C8-B871-1628AC34558F}.Debug|Any CPU.ActiveCfg = Debug|Any CPU
		{3841B521-D4EB-48C8-B871-1628AC34558F}.Debug|Any CPU.Build.0 = Debug|Any CPU
		{3841B521-D4EB-48C8-B871-1628AC34558F}.Release|Any CPU.ActiveCfg = Release|Any CPU
		{3841B521-D4EB-48C8-B871-1628AC34558F}.Release|Any CPU.Build.0 = Release|Any CPU
		{99D71986-0438-4D5F-B01F-DDF4FD439568}.Debug|Any CPU.ActiveCfg = Debug|Any CPU
		{99D71986-0438-4D5F-B01F-DDF4FD439568}.Debug|Any CPU.Build.0 = Debug|Any CPU
		{99D71986-0438-4D5F-B01F-DDF4FD439568}.Release|Any CPU.ActiveCfg = Release|Any CPU
		{99D71986-0438-4D5F-B01F-DDF4FD439568}.Release|Any CPU.Build.0 = Release|Any CPU
		{267874D8-719A-4E73-BBF2-89F9F543FDEB}.Debug|Any CPU.ActiveCfg = Debug|Any CPU
		{267874D8-719A-4E73-BBF2-89F9F543FDEB}.Debug|Any CPU.Build.0 = Debug|Any CPU
		{267874D8-719A-4E73-BBF2-89F9F543FDEB}.Release|Any CPU.ActiveCfg = Release|Any CPU
		{267874D8-719A-4E73-BBF2-89F9F543FDEB}.Release|Any CPU.Build.0 = Release|Any CPU
		{1207F5BA-FA30-4A19-B1E3-FADB29E272F6}.Debug|Any CPU.ActiveCfg = Debug|Any CPU
		{1207F5BA-FA30-4A19-B1E3-FADB29E272F6}.Debug|Any CPU.Build.0 = Debug|Any CPU
		{1207F5BA-FA30-4A19-B1E3-FADB29E272F6}.Release|Any CPU.ActiveCfg = Release|Any CPU
		{1207F5BA-FA30-4A19-B1E3-FADB29E272F6}.Release|Any CPU.Build.0 = Release|Any CPU
		{20CC7BD4-BB46-4794-B097-A6C9BB465F6F}.Debug|Any CPU.ActiveCfg = Debug|Any CPU
		{20CC7BD4-BB46-4794-B097-A6C9BB465F6F}.Debug|Any CPU.Build.0 = Debug|Any CPU
		{20CC7BD4-BB46-4794-B097-A6C9BB465F6F}.Release|Any CPU.ActiveCfg = Release|Any CPU
		{20CC7BD4-BB46-4794-B097-A6C9BB465F6F}.Release|Any CPU.Build.0 = Release|Any CPU
		{61C25B9A-A1AA-4993-A5CF-842711FA6F51}.Debug|Any CPU.ActiveCfg = Debug|Any CPU
		{61C25B9A-A1AA-4993-A5CF-842711FA6F51}.Debug|Any CPU.Build.0 = Debug|Any CPU
		{61C25B9A-A1AA-4993-A5CF-842711FA6F51}.Release|Any CPU.ActiveCfg = Release|Any CPU
		{61C25B9A-A1AA-4993-A5CF-842711FA6F51}.Release|Any CPU.Build.0 = Release|Any CPU
		{D81C504B-CC8F-48B2-8C25-2A3A7C991846}.Debug|Any CPU.ActiveCfg = Debug|Any CPU
		{D81C504B-CC8F-48B2-8C25-2A3A7C991846}.Debug|Any CPU.Build.0 = Debug|Any CPU
		{D81C504B-CC8F-48B2-8C25-2A3A7C991846}.Release|Any CPU.ActiveCfg = Release|Any CPU
		{D81C504B-CC8F-48B2-8C25-2A3A7C991846}.Release|Any CPU.Build.0 = Release|Any CPU
		{CB3B40C4-1A16-44A5-AD76-F7480CCF6171}.Debug|Any CPU.ActiveCfg = Debug|Any CPU
		{CB3B40C4-1A16-44A5-AD76-F7480CCF6171}.Debug|Any CPU.Build.0 = Debug|Any CPU
		{CB3B40C4-1A16-44A5-AD76-F7480CCF6171}.Release|Any CPU.ActiveCfg = Release|Any CPU
		{CB3B40C4-1A16-44A5-AD76-F7480CCF6171}.Release|Any CPU.Build.0 = Release|Any CPU
		{536386D3-D379-4953-BBC7-66973C20F06D}.Debug|Any CPU.ActiveCfg = Debug|Any CPU
		{536386D3-D379-4953-BBC7-66973C20F06D}.Debug|Any CPU.Build.0 = Debug|Any CPU
		{536386D3-D379-4953-BBC7-66973C20F06D}.Release|Any CPU.ActiveCfg = Release|Any CPU
		{536386D3-D379-4953-BBC7-66973C20F06D}.Release|Any CPU.Build.0 = Release|Any CPU
		{6719A895-3377-4B97-886C-014BD5F1589D}.Debug|Any CPU.ActiveCfg = Debug|Any CPU
		{6719A895-3377-4B97-886C-014BD5F1589D}.Debug|Any CPU.Build.0 = Debug|Any CPU
		{6719A895-3377-4B97-886C-014BD5F1589D}.Release|Any CPU.ActiveCfg = Release|Any CPU
		{6719A895-3377-4B97-886C-014BD5F1589D}.Release|Any CPU.Build.0 = Release|Any CPU
		{40617DD1-5409-4125-A85C-DB8DF40784B3}.Debug|Any CPU.ActiveCfg = Debug|Any CPU
		{40617DD1-5409-4125-A85C-DB8DF40784B3}.Debug|Any CPU.Build.0 = Debug|Any CPU
		{40617DD1-5409-4125-A85C-DB8DF40784B3}.Release|Any CPU.ActiveCfg = Release|Any CPU
		{40617DD1-5409-4125-A85C-DB8DF40784B3}.Release|Any CPU.Build.0 = Release|Any CPU
		{A6DC2C19-F0E1-45AD-927D-865D7FD51CC1}.Debug|Any CPU.ActiveCfg = Debug|Any CPU
		{A6DC2C19-F0E1-45AD-927D-865D7FD51CC1}.Debug|Any CPU.Build.0 = Debug|Any CPU
		{A6DC2C19-F0E1-45AD-927D-865D7FD51CC1}.Release|Any CPU.ActiveCfg = Release|Any CPU
		{A6DC2C19-F0E1-45AD-927D-865D7FD51CC1}.Release|Any CPU.Build.0 = Release|Any CPU
		{FA16A2BA-EC1E-4856-9895-7033ADAD08A6}.Debug|Any CPU.ActiveCfg = Debug|Any CPU
		{FA16A2BA-EC1E-4856-9895-7033ADAD08A6}.Debug|Any CPU.Build.0 = Debug|Any CPU
		{FA16A2BA-EC1E-4856-9895-7033ADAD08A6}.Release|Any CPU.ActiveCfg = Release|Any CPU
		{FA16A2BA-EC1E-4856-9895-7033ADAD08A6}.Release|Any CPU.Build.0 = Release|Any CPU
		{D50A90C9-6508-431F-A335-226A3AC36103}.Debug|Any CPU.ActiveCfg = Debug|Any CPU
		{D50A90C9-6508-431F-A335-226A3AC36103}.Debug|Any CPU.Build.0 = Debug|Any CPU
		{D50A90C9-6508-431F-A335-226A3AC36103}.Release|Any CPU.ActiveCfg = Release|Any CPU
		{D50A90C9-6508-431F-A335-226A3AC36103}.Release|Any CPU.Build.0 = Release|Any CPU
		{05F2DCEB-D8DE-4AFA-9A19-9433F86C8576}.Debug|Any CPU.ActiveCfg = Debug|Any CPU
		{05F2DCEB-D8DE-4AFA-9A19-9433F86C8576}.Debug|Any CPU.Build.0 = Debug|Any CPU
		{05F2DCEB-D8DE-4AFA-9A19-9433F86C8576}.Release|Any CPU.ActiveCfg = Release|Any CPU
		{05F2DCEB-D8DE-4AFA-9A19-9433F86C8576}.Release|Any CPU.Build.0 = Release|Any CPU
		{991C1DAD-9DF7-4E96-A51C-AB8310D31B7F}.Debug|Any CPU.ActiveCfg = Debug|Any CPU
		{991C1DAD-9DF7-4E96-A51C-AB8310D31B7F}.Debug|Any CPU.Build.0 = Debug|Any CPU
		{991C1DAD-9DF7-4E96-A51C-AB8310D31B7F}.Release|Any CPU.ActiveCfg = Release|Any CPU
		{991C1DAD-9DF7-4E96-A51C-AB8310D31B7F}.Release|Any CPU.Build.0 = Release|Any CPU
		{4DF37EFF-F603-4CF0-86B4-660DDF93E9C3}.Debug|Any CPU.ActiveCfg = Debug|Any CPU
		{4DF37EFF-F603-4CF0-86B4-660DDF93E9C3}.Debug|Any CPU.Build.0 = Debug|Any CPU
		{4DF37EFF-F603-4CF0-86B4-660DDF93E9C3}.Release|Any CPU.ActiveCfg = Release|Any CPU
		{4DF37EFF-F603-4CF0-86B4-660DDF93E9C3}.Release|Any CPU.Build.0 = Release|Any CPU
		{6CD52BD7-0C3E-4237-A2A9-DE236BD5D8E1}.Debug|Any CPU.ActiveCfg = Debug|Any CPU
		{6CD52BD7-0C3E-4237-A2A9-DE236BD5D8E1}.Debug|Any CPU.Build.0 = Debug|Any CPU
		{6CD52BD7-0C3E-4237-A2A9-DE236BD5D8E1}.Release|Any CPU.ActiveCfg = Release|Any CPU
		{6CD52BD7-0C3E-4237-A2A9-DE236BD5D8E1}.Release|Any CPU.Build.0 = Release|Any CPU
		{6E35F0AB-5886-44B2-B452-CDE3A6285895}.Debug|Any CPU.ActiveCfg = Debug|Any CPU
		{6E35F0AB-5886-44B2-B452-CDE3A6285895}.Debug|Any CPU.Build.0 = Debug|Any CPU
		{6E35F0AB-5886-44B2-B452-CDE3A6285895}.Release|Any CPU.ActiveCfg = Release|Any CPU
		{6E35F0AB-5886-44B2-B452-CDE3A6285895}.Release|Any CPU.Build.0 = Release|Any CPU
		{2131A178-1D22-4473-A7CD-41AFE2FF3AD1}.Debug|Any CPU.ActiveCfg = Debug|Any CPU
		{2131A178-1D22-4473-A7CD-41AFE2FF3AD1}.Debug|Any CPU.Build.0 = Debug|Any CPU
		{2131A178-1D22-4473-A7CD-41AFE2FF3AD1}.Release|Any CPU.ActiveCfg = Release|Any CPU
		{2131A178-1D22-4473-A7CD-41AFE2FF3AD1}.Release|Any CPU.Build.0 = Release|Any CPU
		{F987C37B-0658-49F6-B619-60D25D3961BD}.Debug|Any CPU.ActiveCfg = Debug|Any CPU
		{F987C37B-0658-49F6-B619-60D25D3961BD}.Debug|Any CPU.Build.0 = Debug|Any CPU
		{F987C37B-0658-49F6-B619-60D25D3961BD}.Release|Any CPU.ActiveCfg = Release|Any CPU
		{F987C37B-0658-49F6-B619-60D25D3961BD}.Release|Any CPU.Build.0 = Release|Any CPU
		{FD307F8B-CB3F-4A33-90BC-5548998A49BF}.Debug|Any CPU.ActiveCfg = Debug|Any CPU
		{FD307F8B-CB3F-4A33-90BC-5548998A49BF}.Debug|Any CPU.Build.0 = Debug|Any CPU
		{FD307F8B-CB3F-4A33-90BC-5548998A49BF}.Release|Any CPU.ActiveCfg = Release|Any CPU
		{FD307F8B-CB3F-4A33-90BC-5548998A49BF}.Release|Any CPU.Build.0 = Release|Any CPU
		{59910E55-43CA-4487-9C93-C045B3E64AB5}.Debug|Any CPU.ActiveCfg = Debug|Any CPU
		{59910E55-43CA-4487-9C93-C045B3E64AB5}.Debug|Any CPU.Build.0 = Debug|Any CPU
		{59910E55-43CA-4487-9C93-C045B3E64AB5}.Release|Any CPU.ActiveCfg = Release|Any CPU
		{59910E55-43CA-4487-9C93-C045B3E64AB5}.Release|Any CPU.Build.0 = Release|Any CPU
		{09E6909E-3319-408A-B772-BFF3A9528857}.Debug|Any CPU.ActiveCfg = Debug|Any CPU
		{09E6909E-3319-408A-B772-BFF3A9528857}.Debug|Any CPU.Build.0 = Debug|Any CPU
		{09E6909E-3319-408A-B772-BFF3A9528857}.Release|Any CPU.ActiveCfg = Release|Any CPU
		{09E6909E-3319-408A-B772-BFF3A9528857}.Release|Any CPU.Build.0 = Release|Any CPU
		{43DC4DEE-F84F-4723-997D-56C762769841}.Debug|Any CPU.ActiveCfg = Debug|Any CPU
		{43DC4DEE-F84F-4723-997D-56C762769841}.Debug|Any CPU.Build.0 = Debug|Any CPU
		{43DC4DEE-F84F-4723-997D-56C762769841}.Release|Any CPU.ActiveCfg = Release|Any CPU
		{43DC4DEE-F84F-4723-997D-56C762769841}.Release|Any CPU.Build.0 = Release|Any CPU
		{7FFFF046-0201-408A-A35D-6F854D2320B9}.Debug|Any CPU.ActiveCfg = Debug|Any CPU
		{7FFFF046-0201-408A-A35D-6F854D2320B9}.Debug|Any CPU.Build.0 = Debug|Any CPU
		{7FFFF046-0201-408A-A35D-6F854D2320B9}.Release|Any CPU.ActiveCfg = Release|Any CPU
		{7FFFF046-0201-408A-A35D-6F854D2320B9}.Release|Any CPU.Build.0 = Release|Any CPU
		{B29F8410-93A7-4C93-A52E-CF626BFD9782}.Debug|Any CPU.ActiveCfg = Debug|Any CPU
		{B29F8410-93A7-4C93-A52E-CF626BFD9782}.Debug|Any CPU.Build.0 = Debug|Any CPU
		{B29F8410-93A7-4C93-A52E-CF626BFD9782}.Release|Any CPU.ActiveCfg = Release|Any CPU
		{B29F8410-93A7-4C93-A52E-CF626BFD9782}.Release|Any CPU.Build.0 = Release|Any CPU
		{C772A9C5-2530-4CBA-9EC8-740373D98475}.Debug|Any CPU.ActiveCfg = Debug|Any CPU
		{C772A9C5-2530-4CBA-9EC8-740373D98475}.Debug|Any CPU.Build.0 = Debug|Any CPU
		{C772A9C5-2530-4CBA-9EC8-740373D98475}.Release|Any CPU.ActiveCfg = Release|Any CPU
		{C772A9C5-2530-4CBA-9EC8-740373D98475}.Release|Any CPU.Build.0 = Release|Any CPU
		{F6FA9B92-95F0-4523-BC9D-AC5B36F1FE2D}.Debug|Any CPU.ActiveCfg = Debug|Any CPU
		{F6FA9B92-95F0-4523-BC9D-AC5B36F1FE2D}.Debug|Any CPU.Build.0 = Debug|Any CPU
		{F6FA9B92-95F0-4523-BC9D-AC5B36F1FE2D}.Release|Any CPU.ActiveCfg = Release|Any CPU
		{F6FA9B92-95F0-4523-BC9D-AC5B36F1FE2D}.Release|Any CPU.Build.0 = Release|Any CPU
		{5547E756-6DCB-42E8-851E-409180F2D9FC}.Debug|Any CPU.ActiveCfg = Debug|Any CPU
		{5547E756-6DCB-42E8-851E-409180F2D9FC}.Debug|Any CPU.Build.0 = Debug|Any CPU
		{5547E756-6DCB-42E8-851E-409180F2D9FC}.Release|Any CPU.ActiveCfg = Release|Any CPU
		{5547E756-6DCB-42E8-851E-409180F2D9FC}.Release|Any CPU.Build.0 = Release|Any CPU
		{CD8B2604-B03B-4177-8A64-EF4638B0C9BC}.Debug|Any CPU.ActiveCfg = Debug|Any CPU
		{CD8B2604-B03B-4177-8A64-EF4638B0C9BC}.Debug|Any CPU.Build.0 = Debug|Any CPU
		{CD8B2604-B03B-4177-8A64-EF4638B0C9BC}.Release|Any CPU.ActiveCfg = Release|Any CPU
		{CD8B2604-B03B-4177-8A64-EF4638B0C9BC}.Release|Any CPU.Build.0 = Release|Any CPU
		{54DE642D-D329-42AE-B067-F7BE6F8388FB}.Debug|Any CPU.ActiveCfg = Debug|Any CPU
		{54DE642D-D329-42AE-B067-F7BE6F8388FB}.Debug|Any CPU.Build.0 = Debug|Any CPU
		{54DE642D-D329-42AE-B067-F7BE6F8388FB}.Release|Any CPU.ActiveCfg = Release|Any CPU
		{54DE642D-D329-42AE-B067-F7BE6F8388FB}.Release|Any CPU.Build.0 = Release|Any CPU
		{9793DA53-1471-4742-B90A-8D58538A2480}.Debug|Any CPU.ActiveCfg = Debug|Any CPU
		{9793DA53-1471-4742-B90A-8D58538A2480}.Debug|Any CPU.Build.0 = Debug|Any CPU
		{9793DA53-1471-4742-B90A-8D58538A2480}.Release|Any CPU.ActiveCfg = Release|Any CPU
		{9793DA53-1471-4742-B90A-8D58538A2480}.Release|Any CPU.Build.0 = Release|Any CPU
		{EFEE688A-EE31-4AD8-A476-317C5E682B47}.Debug|Any CPU.ActiveCfg = Debug|Any CPU
		{EFEE688A-EE31-4AD8-A476-317C5E682B47}.Debug|Any CPU.Build.0 = Debug|Any CPU
		{EFEE688A-EE31-4AD8-A476-317C5E682B47}.Release|Any CPU.ActiveCfg = Release|Any CPU
		{EFEE688A-EE31-4AD8-A476-317C5E682B47}.Release|Any CPU.Build.0 = Release|Any CPU
		{DD423A38-C247-41E9-A61E-144202D224F8}.Debug|Any CPU.ActiveCfg = Debug|Any CPU
		{DD423A38-C247-41E9-A61E-144202D224F8}.Debug|Any CPU.Build.0 = Debug|Any CPU
		{DD423A38-C247-41E9-A61E-144202D224F8}.Release|Any CPU.ActiveCfg = Release|Any CPU
		{DD423A38-C247-41E9-A61E-144202D224F8}.Release|Any CPU.Build.0 = Release|Any CPU
		{60116163-ACE7-4C92-9F81-8395061C86F5}.Debug|Any CPU.ActiveCfg = Debug|Any CPU
		{60116163-ACE7-4C92-9F81-8395061C86F5}.Debug|Any CPU.Build.0 = Debug|Any CPU
		{60116163-ACE7-4C92-9F81-8395061C86F5}.Release|Any CPU.ActiveCfg = Release|Any CPU
		{60116163-ACE7-4C92-9F81-8395061C86F5}.Release|Any CPU.Build.0 = Release|Any CPU
	EndGlobalSection
	GlobalSection(SolutionProperties) = preSolution
		HideSolutionNode = FALSE
	EndGlobalSection
	GlobalSection(ExtensibilityGlobals) = postSolution
		SolutionGuid = {B8AEA618-7117-48AB-9ED4-B6A633F51A55}
	EndGlobalSection
EndGlobal
