
Microsoft Visual Studio Solution File, Format Version 12.00
# Visual Studio Version 17
VisualStudioVersion = 17.1.32407.343
MinimumVisualStudioVersion = 10.0.40219.1
Project("{9A19103F-16F7-4668-BE54-9A1E7A4F7556}") = "Exercicio01", "Exercicio01\Exercicio01.csproj", "{9984DFDA-480C-4B28-8932-DAACC337F921}"
EndProject
Project("{9A19103F-16F7-4668-BE54-9A1E7A4F7556}") = "bee1001", "bee1001\bee1001.csproj", "{E97D16BE-B42F-450B-9285-067EC8F681C7}"
EndProject
Project("{9A19103F-16F7-4668-BE54-9A1E7A4F7556}") = "bee1002", "bee1002\bee1002.csproj", "{CC6CA4E9-F72F-45CC-B4C5-8CDBF36B694F}"
EndProject
Project("{9A19103F-16F7-4668-BE54-9A1E7A4F7556}") = "bee1003", "bee1003\bee1003.csproj", "{AA76FB82-11C0-4F6F-ABDD-78BF9E777D63}"
EndProject
Project("{9A19103F-16F7-4668-BE54-9A1E7A4F7556}") = "bee1004", "bee1004\bee1004.csproj", "{F8055157-C238-4253-8011-805836EE6C82}"
EndProject
Project("{9A19103F-16F7-4668-BE54-9A1E7A4F7556}") = "bee1007", "bee1007\bee1007.csproj", "{41330093-60E6-48D3-911F-44EBB6EB4A4E}"
EndProject
Project("{9A19103F-16F7-4668-BE54-9A1E7A4F7556}") = "bee1008", "bee1008\bee1008.csproj", "{7DE2A245-1551-4BA8-ABB9-9093431FDA5B}"
EndProject
Project("{9A19103F-16F7-4668-BE54-9A1E7A4F7556}") = "bee1010", "bee1010\bee1010.csproj", "{B8F231D5-7221-4EDB-B6C2-8157F4CDAC80}"
EndProject
Project("{9A19103F-16F7-4668-BE54-9A1E7A4F7556}") = "bee1014", "bee1014\bee1014.csproj", "{07D48879-85A6-4A4F-BC7B-DB97BAFDF8F1}"
EndProject
Project("{9A19103F-16F7-4668-BE54-9A1E7A4F7556}") = "bee1016", "bee1016\bee1016.csproj", "{82313814-D8CF-4D52-B469-D386D467ACB3}"
EndProject
Project("{9A19103F-16F7-4668-BE54-9A1E7A4F7556}") = "bee1005", "bee1005\bee1005.csproj", "{921B8E07-DEA5-4DE8-8813-B34B06418E4E}"
EndProject
Project("{FAE04EC0-301F-11D3-BF4B-00C04F79EFBC}") = "Exercicio02", "Exercicio02\Exercicio02.csproj", "{D7D804D7-639E-4A08-88F1-21D0B6582065}"
EndProject
Global
	GlobalSection(SolutionConfigurationPlatforms) = preSolution
		Debug|Any CPU = Debug|Any CPU
		Release|Any CPU = Release|Any CPU
	EndGlobalSection
	GlobalSection(ProjectConfigurationPlatforms) = postSolution
		{9984DFDA-480C-4B28-8932-DAACC337F921}.Debug|Any CPU.ActiveCfg = Debug|Any CPU
		{9984DFDA-480C-4B28-8932-DAACC337F921}.Debug|Any CPU.Build.0 = Debug|Any CPU
		{9984DFDA-480C-4B28-8932-DAACC337F921}.Release|Any CPU.ActiveCfg = Release|Any CPU
		{9984DFDA-480C-4B28-8932-DAACC337F921}.Release|Any CPU.Build.0 = Release|Any CPU
		{E97D16BE-B42F-450B-9285-067EC8F681C7}.Debug|Any CPU.ActiveCfg = Debug|Any CPU
		{E97D16BE-B42F-450B-9285-067EC8F681C7}.Debug|Any CPU.Build.0 = Debug|Any CPU
		{E97D16BE-B42F-450B-9285-067EC8F681C7}.Release|Any CPU.ActiveCfg = Release|Any CPU
		{E97D16BE-B42F-450B-9285-067EC8F681C7}.Release|Any CPU.Build.0 = Release|Any CPU
		{CC6CA4E9-F72F-45CC-B4C5-8CDBF36B694F}.Debug|Any CPU.ActiveCfg = Debug|Any CPU
		{CC6CA4E9-F72F-45CC-B4C5-8CDBF36B694F}.Debug|Any CPU.Build.0 = Debug|Any CPU
		{CC6CA4E9-F72F-45CC-B4C5-8CDBF36B694F}.Release|Any CPU.ActiveCfg = Release|Any CPU
		{CC6CA4E9-F72F-45CC-B4C5-8CDBF36B694F}.Release|Any CPU.Build.0 = Release|Any CPU
		{AA76FB82-11C0-4F6F-ABDD-78BF9E777D63}.Debug|Any CPU.ActiveCfg = Debug|Any CPU
		{AA76FB82-11C0-4F6F-ABDD-78BF9E777D63}.Debug|Any CPU.Build.0 = Debug|Any CPU
		{AA76FB82-11C0-4F6F-ABDD-78BF9E777D63}.Release|Any CPU.ActiveCfg = Release|Any CPU
		{AA76FB82-11C0-4F6F-ABDD-78BF9E777D63}.Release|Any CPU.Build.0 = Release|Any CPU
		{F8055157-C238-4253-8011-805836EE6C82}.Debug|Any CPU.ActiveCfg = Debug|Any CPU
		{F8055157-C238-4253-8011-805836EE6C82}.Debug|Any CPU.Build.0 = Debug|Any CPU
		{F8055157-C238-4253-8011-805836EE6C82}.Release|Any CPU.ActiveCfg = Release|Any CPU
		{F8055157-C238-4253-8011-805836EE6C82}.Release|Any CPU.Build.0 = Release|Any CPU
		{41330093-60E6-48D3-911F-44EBB6EB4A4E}.Debug|Any CPU.ActiveCfg = Debug|Any CPU
		{41330093-60E6-48D3-911F-44EBB6EB4A4E}.Debug|Any CPU.Build.0 = Debug|Any CPU
		{41330093-60E6-48D3-911F-44EBB6EB4A4E}.Release|Any CPU.ActiveCfg = Release|Any CPU
		{41330093-60E6-48D3-911F-44EBB6EB4A4E}.Release|Any CPU.Build.0 = Release|Any CPU
		{7DE2A245-1551-4BA8-ABB9-9093431FDA5B}.Debug|Any CPU.ActiveCfg = Debug|Any CPU
		{7DE2A245-1551-4BA8-ABB9-9093431FDA5B}.Debug|Any CPU.Build.0 = Debug|Any CPU
		{7DE2A245-1551-4BA8-ABB9-9093431FDA5B}.Release|Any CPU.ActiveCfg = Release|Any CPU
		{7DE2A245-1551-4BA8-ABB9-9093431FDA5B}.Release|Any CPU.Build.0 = Release|Any CPU
		{B8F231D5-7221-4EDB-B6C2-8157F4CDAC80}.Debug|Any CPU.ActiveCfg = Debug|Any CPU
		{B8F231D5-7221-4EDB-B6C2-8157F4CDAC80}.Debug|Any CPU.Build.0 = Debug|Any CPU
		{B8F231D5-7221-4EDB-B6C2-8157F4CDAC80}.Release|Any CPU.ActiveCfg = Release|Any CPU
		{B8F231D5-7221-4EDB-B6C2-8157F4CDAC80}.Release|Any CPU.Build.0 = Release|Any CPU
		{07D48879-85A6-4A4F-BC7B-DB97BAFDF8F1}.Debug|Any CPU.ActiveCfg = Debug|Any CPU
		{07D48879-85A6-4A4F-BC7B-DB97BAFDF8F1}.Debug|Any CPU.Build.0 = Debug|Any CPU
		{07D48879-85A6-4A4F-BC7B-DB97BAFDF8F1}.Release|Any CPU.ActiveCfg = Release|Any CPU
		{07D48879-85A6-4A4F-BC7B-DB97BAFDF8F1}.Release|Any CPU.Build.0 = Release|Any CPU
		{82313814-D8CF-4D52-B469-D386D467ACB3}.Debug|Any CPU.ActiveCfg = Debug|Any CPU
		{82313814-D8CF-4D52-B469-D386D467ACB3}.Debug|Any CPU.Build.0 = Debug|Any CPU
		{82313814-D8CF-4D52-B469-D386D467ACB3}.Release|Any CPU.ActiveCfg = Release|Any CPU
		{82313814-D8CF-4D52-B469-D386D467ACB3}.Release|Any CPU.Build.0 = Release|Any CPU
		{921B8E07-DEA5-4DE8-8813-B34B06418E4E}.Debug|Any CPU.ActiveCfg = Debug|Any CPU
		{921B8E07-DEA5-4DE8-8813-B34B06418E4E}.Debug|Any CPU.Build.0 = Debug|Any CPU
		{921B8E07-DEA5-4DE8-8813-B34B06418E4E}.Release|Any CPU.ActiveCfg = Release|Any CPU
		{921B8E07-DEA5-4DE8-8813-B34B06418E4E}.Release|Any CPU.Build.0 = Release|Any CPU
		{D7D804D7-639E-4A08-88F1-21D0B6582065}.Debug|Any CPU.ActiveCfg = Debug|Any CPU
		{D7D804D7-639E-4A08-88F1-21D0B6582065}.Debug|Any CPU.Build.0 = Debug|Any CPU
		{D7D804D7-639E-4A08-88F1-21D0B6582065}.Release|Any CPU.ActiveCfg = Release|Any CPU
		{D7D804D7-639E-4A08-88F1-21D0B6582065}.Release|Any CPU.Build.0 = Release|Any CPU
	EndGlobalSection
	GlobalSection(SolutionProperties) = preSolution
		HideSolutionNode = FALSE
	EndGlobalSection
	GlobalSection(ExtensibilityGlobals) = postSolution
		SolutionGuid = {B8AEA618-7117-48AB-9ED4-B6A633F51A55}
	EndGlobalSection
EndGlobal
